// !$*UTF8*$!
{
	archiveVersion = 1;
	classes = {
	};
	objectVersion = 50;
	objects = {

/* Begin PBXBuildFile section */
		F0DFEDE52501DB9C00814325 /* AppDelegate.swift in Sources */ = {isa = PBXBuildFile; fileRef = F0DFEDE42501DB9C00814325 /* AppDelegate.swift */; };
		F0DFEDE72501DB9C00814325 /* SceneDelegate.swift in Sources */ = {isa = PBXBuildFile; fileRef = F0DFEDE62501DB9C00814325 /* SceneDelegate.swift */; };
		F0DFEDE92501DB9C00814325 /* ViewController.swift in Sources */ = {isa = PBXBuildFile; fileRef = F0DFEDE82501DB9C00814325 /* ViewController.swift */; };
		F0DFEDEC2501DB9C00814325 /* Main.storyboard in Resources */ = {isa = PBXBuildFile; fileRef = F0DFEDEA2501DB9C00814325 /* Main.storyboard */; };
		F0DFEDEE2501DB9E00814325 /* Assets.xcassets in Resources */ = {isa = PBXBuildFile; fileRef = F0DFEDED2501DB9E00814325 /* Assets.xcassets */; };
		F0DFEDF12501DB9E00814325 /* LaunchScreen.storyboard in Resources */ = {isa = PBXBuildFile; fileRef = F0DFEDEF2501DB9E00814325 /* LaunchScreen.storyboard */; };
		F0DFEDFC2501DB9E00814325 /* FlixTests.swift in Sources */ = {isa = PBXBuildFile; fileRef = F0DFEDFB2501DB9E00814325 /* FlixTests.swift */; };
		F0DFEE072501DB9E00814325 /* FlixUITests.swift in Sources */ = {isa = PBXBuildFile; fileRef = F0DFEE062501DB9E00814325 /* FlixUITests.swift */; };
/* End PBXBuildFile section */

/* Begin PBXContainerItemProxy section */
		F0DFEDF82501DB9E00814325 /* PBXContainerItemProxy */ = {
			isa = PBXContainerItemProxy;
			containerPortal = F0DFEDD92501DB9C00814325 /* Project object */;
			proxyType = 1;
			remoteGlobalIDString = F0DFEDE02501DB9C00814325;
			remoteInfo = Flix;
		};
		F0DFEE032501DB9E00814325 /* PBXContainerItemProxy */ = {
			isa = PBXContainerItemProxy;
			containerPortal = F0DFEDD92501DB9C00814325 /* Project object */;
			proxyType = 1;
			remoteGlobalIDString = F0DFEDE02501DB9C00814325;
			remoteInfo = Flix;
		};
/* End PBXContainerItemProxy section */

/* Begin PBXFileReference section */
		F0DFEDE12501DB9C00814325 /* Flix.app */ = {isa = PBXFileReference; explicitFileType = wrapper.application; includeInIndex = 0; path = Flix.app; sourceTree = BUILT_PRODUCTS_DIR; };
		F0DFEDE42501DB9C00814325 /* AppDelegate.swift */ = {isa = PBXFileReference; lastKnownFileType = sourcecode.swift; path = AppDelegate.swift; sourceTree = "<group>"; };
		F0DFEDE62501DB9C00814325 /* SceneDelegate.swift */ = {isa = PBXFileReference; lastKnownFileType = sourcecode.swift; path = SceneDelegate.swift; sourceTree = "<group>"; };
		F0DFEDE82501DB9C00814325 /* ViewController.swift */ = {isa = PBXFileReference; lastKnownFileType = sourcecode.swift; path = ViewController.swift; sourceTree = "<group>"; };
		F0DFEDEB2501DB9C00814325 /* Base */ = {isa = PBXFileReference; lastKnownFileType = file.storyboard; name = Base; path = Base.lproj/Main.storyboard; sourceTree = "<group>"; };
		F0DFEDED2501DB9E00814325 /* Assets.xcassets */ = {isa = PBXFileReference; lastKnownFileType = folder.assetcatalog; path = Assets.xcassets; sourceTree = "<group>"; };
		F0DFEDF02501DB9E00814325 /* Base */ = {isa = PBXFileReference; lastKnownFileType = file.storyboard; name = Base; path = Base.lproj/LaunchScreen.storyboard; sourceTree = "<group>"; };
		F0DFEDF22501DB9E00814325 /* Info.plist */ = {isa = PBXFileReference; lastKnownFileType = text.plist.xml; path = Info.plist; sourceTree = "<group>"; };
		F0DFEDF72501DB9E00814325 /* FlixTests.xctest */ = {isa = PBXFileReference; explicitFileType = wrapper.cfbundle; includeInIndex = 0; path = FlixTests.xctest; sourceTree = BUILT_PRODUCTS_DIR; };
		F0DFEDFB2501DB9E00814325 /* FlixTests.swift */ = {isa = PBXFileReference; lastKnownFileType = sourcecode.swift; path = FlixTests.swift; sourceTree = "<group>"; };
		F0DFEDFD2501DB9E00814325 /* Info.plist */ = {isa = PBXFileReference; lastKnownFileType = text.plist.xml; path = Info.plist; sourceTree = "<group>"; };
		F0DFEE022501DB9E00814325 /* FlixUITests.xctest */ = {isa = PBXFileReference; explicitFileType = wrapper.cfbundle; includeInIndex = 0; path = FlixUITests.xctest; sourceTree = BUILT_PRODUCTS_DIR; };
		F0DFEE062501DB9E00814325 /* FlixUITests.swift */ = {isa = PBXFileReference; lastKnownFileType = sourcecode.swift; path = FlixUITests.swift; sourceTree = "<group>"; };
		F0DFEE082501DB9E00814325 /* Info.plist */ = {isa = PBXFileReference; lastKnownFileType = text.plist.xml; path = Info.plist; sourceTree = "<group>"; };
/* End PBXFileReference section */

/* Begin PBXFrameworksBuildPhase section */
		F0DFEDDE2501DB9C00814325 /* Frameworks */ = {
			isa = PBXFrameworksBuildPhase;
			buildActionMask = 2147483647;
			files = (
			);
			runOnlyForDeploymentPostprocessing = 0;
		};
		F0DFEDF42501DB9E00814325 /* Frameworks */ = {
			isa = PBXFrameworksBuildPhase;
			buildActionMask = 2147483647;
			files = (
			);
			runOnlyForDeploymentPostprocessing = 0;
		};
		F0DFEDFF2501DB9E00814325 /* Frameworks */ = {
			isa = PBXFrameworksBuildPhase;
			buildActionMask = 2147483647;
			files = (
			);
			runOnlyForDeploymentPostprocessing = 0;
		};
/* End PBXFrameworksBuildPhase section */

/* Begin PBXGroup section */
		F0DFEDD82501DB9C00814325 = {
			isa = PBXGroup;
			children = (
				F0DFEDE32501DB9C00814325 /* Flix */,
				F0DFEDFA2501DB9E00814325 /* FlixTests */,
				F0DFEE052501DB9E00814325 /* FlixUITests */,
				F0DFEDE22501DB9C00814325 /* Products */,
			);
			sourceTree = "<group>";
		};
		F0DFEDE22501DB9C00814325 /* Products */ = {
			isa = PBXGroup;
			children = (
				F0DFEDE12501DB9C00814325 /* Flix.app */,
				F0DFEDF72501DB9E00814325 /* FlixTests.xctest */,
				F0DFEE022501DB9E00814325 /* FlixUITests.xctest */,
			);
			name = Products;
			sourceTree = "<group>";
		};
		F0DFEDE32501DB9C00814325 /* Flix */ = {
			isa = PBXGroup;
			children = (
				F0DFEDE42501DB9C00814325 /* AppDelegate.swift */,
				F0DFEDE62501DB9C00814325 /* SceneDelegate.swift */,
				F0DFEDE82501DB9C00814325 /* ViewController.swift */,
				F0DFEDEA2501DB9C00814325 /* Main.storyboard */,
				F0DFEDED2501DB9E00814325 /* Assets.xcassets */,
				F0DFEDEF2501DB9E00814325 /* LaunchScreen.storyboard */,
				F0DFEDF22501DB9E00814325 /* Info.plist */,
			);
			path = Flix;
			sourceTree = "<group>";
		};
		F0DFEDFA2501DB9E00814325 /* FlixTests */ = {
			isa = PBXGroup;
			children = (
				F0DFEDFB2501DB9E00814325 /* FlixTests.swift */,
				F0DFEDFD2501DB9E00814325 /* Info.plist */,
			);
			path = FlixTests;
			sourceTree = "<group>";
		};
		F0DFEE052501DB9E00814325 /* FlixUITests */ = {
			isa = PBXGroup;
			children = (
				F0DFEE062501DB9E00814325 /* FlixUITests.swift */,
				F0DFEE082501DB9E00814325 /* Info.plist */,
			);
			path = FlixUITests;
			sourceTree = "<group>";
		};
/* End PBXGroup section */

/* Begin PBXNativeTarget section */
		F0DFEDE02501DB9C00814325 /* Flix */ = {
			isa = PBXNativeTarget;
			buildConfigurationList = F0DFEE0B2501DB9E00814325 /* Build configuration list for PBXNativeTarget "Flix" */;
			buildPhases = (
				F0DFEDDD2501DB9C00814325 /* Sources */,
				F0DFEDDE2501DB9C00814325 /* Frameworks */,
				F0DFEDDF2501DB9C00814325 /* Resources */,
			);
			buildRules = (
			);
			dependencies = (
			);
			name = Flix;
			productName = Flix;
			productReference = F0DFEDE12501DB9C00814325 /* Flix.app */;
			productType = "com.apple.product-type.application";
		};
		F0DFEDF62501DB9E00814325 /* FlixTests */ = {
			isa = PBXNativeTarget;
			buildConfigurationList = F0DFEE0E2501DB9E00814325 /* Build configuration list for PBXNativeTarget "FlixTests" */;
			buildPhases = (
				F0DFEDF32501DB9E00814325 /* Sources */,
				F0DFEDF42501DB9E00814325 /* Frameworks */,
				F0DFEDF52501DB9E00814325 /* Resources */,
			);
			buildRules = (
			);
			dependencies = (
				F0DFEDF92501DB9E00814325 /* PBXTargetDependency */,
			);
			name = FlixTests;
			productName = FlixTests;
			productReference = F0DFEDF72501DB9E00814325 /* FlixTests.xctest */;
			productType = "com.apple.product-type.bundle.unit-test";
		};
		F0DFEE012501DB9E00814325 /* FlixUITests */ = {
			isa = PBXNativeTarget;
			buildConfigurationList = F0DFEE112501DB9E00814325 /* Build configuration list for PBXNativeTarget "FlixUITests" */;
			buildPhases = (
				F0DFEDFE2501DB9E00814325 /* Sources */,
				F0DFEDFF2501DB9E00814325 /* Frameworks */,
				F0DFEE002501DB9E00814325 /* Resources */,
			);
			buildRules = (
			);
			dependencies = (
				F0DFEE042501DB9E00814325 /* PBXTargetDependency */,
			);
			name = FlixUITests;
			productName = FlixUITests;
			productReference = F0DFEE022501DB9E00814325 /* FlixUITests.xctest */;
			productType = "com.apple.product-type.bundle.ui-testing";
		};
/* End PBXNativeTarget section */

/* Begin PBXProject section */
		F0DFEDD92501DB9C00814325 /* Project object */ = {
			isa = PBXProject;
			attributes = {
				LastSwiftUpdateCheck = 1170;
				LastUpgradeCheck = 1170;
				ORGANIZATIONNAME = Codepath;
				TargetAttributes = {
					F0DFEDE02501DB9C00814325 = {
						CreatedOnToolsVersion = 11.7;
					};
					F0DFEDF62501DB9E00814325 = {
						CreatedOnToolsVersion = 11.7;
						TestTargetID = F0DFEDE02501DB9C00814325;
					};
					F0DFEE012501DB9E00814325 = {
						CreatedOnToolsVersion = 11.7;
						TestTargetID = F0DFEDE02501DB9C00814325;
					};
				};
			};
			buildConfigurationList = F0DFEDDC2501DB9C00814325 /* Build configuration list for PBXProject "Flix" */;
			compatibilityVersion = "Xcode 9.3";
			developmentRegion = en;
			hasScannedForEncodings = 0;
			knownRegions = (
				en,
				Base,
			);
			mainGroup = F0DFEDD82501DB9C00814325;
			productRefGroup = F0DFEDE22501DB9C00814325 /* Products */;
			projectDirPath = "";
			projectRoot = "";
			targets = (
				F0DFEDE02501DB9C00814325 /* Flix */,
				F0DFEDF62501DB9E00814325 /* FlixTests */,
				F0DFEE012501DB9E00814325 /* FlixUITests */,
			);
		};
/* End PBXProject section */

/* Begin PBXResourcesBuildPhase section */
		F0DFEDDF2501DB9C00814325 /* Resources */ = {
			isa = PBXResourcesBuildPhase;
			buildActionMask = 2147483647;
			files = (
				F0DFEDF12501DB9E00814325 /* LaunchScreen.storyboard in Resources */,
				F0DFEDEE2501DB9E00814325 /* Assets.xcassets in Resources */,
				F0DFEDEC2501DB9C00814325 /* Main.storyboard in Resources */,
			);
			runOnlyForDeploymentPostprocessing = 0;
		};
		F0DFEDF52501DB9E00814325 /* Resources */ = {
			isa = PBXResourcesBuildPhase;
			buildActionMask = 2147483647;
			files = (
			);
			runOnlyForDeploymentPostprocessing = 0;
		};
		F0DFEE002501DB9E00814325 /* Resources */ = {
			isa = PBXResourcesBuildPhase;
			buildActionMask = 2147483647;
			files = (
			);
			runOnlyForDeploymentPostprocessing = 0;
		};
/* End PBXResourcesBuildPhase section */

/* Begin PBXSourcesBuildPhase section */
		F0DFEDDD2501DB9C00814325 /* Sources */ = {
			isa = PBXSourcesBuildPhase;
			buildActionMask = 2147483647;
			files = (
				F0DFEDE92501DB9C00814325 /* ViewController.swift in Sources */,
				F0DFEDE52501DB9C00814325 /* AppDelegate.swift in Sources */,
				F0DFEDE72501DB9C00814325 /* SceneDelegate.swift in Sources */,
			);
			runOnlyForDeploymentPostprocessing = 0;
		};
		F0DFEDF32501DB9E00814325 /* Sources */ = {
			isa = PBXSourcesBuildPhase;
			buildActionMask = 2147483647;
			files = (
				F0DFEDFC2501DB9E00814325 /* FlixTests.swift in Sources */,
			);
			runOnlyForDeploymentPostprocessing = 0;
		};
		F0DFEDFE2501DB9E00814325 /* Sources */ = {
			isa = PBXSourcesBuildPhase;
			buildActionMask = 2147483647;
			files = (
				F0DFEE072501DB9E00814325 /* FlixUITests.swift in Sources */,
			);
			runOnlyForDeploymentPostprocessing = 0;
		};
/* End PBXSourcesBuildPhase section */

/* Begin PBXTargetDependency section */
		F0DFEDF92501DB9E00814325 /* PBXTargetDependency */ = {
			isa = PBXTargetDependency;
			target = F0DFEDE02501DB9C00814325 /* Flix */;
			targetProxy = F0DFEDF82501DB9E00814325 /* PBXContainerItemProxy */;
		};
		F0DFEE042501DB9E00814325 /* PBXTargetDependency */ = {
			isa = PBXTargetDependency;
			target = F0DFEDE02501DB9C00814325 /* Flix */;
			targetProxy = F0DFEE032501DB9E00814325 /* PBXContainerItemProxy */;
		};
/* End PBXTargetDependency section */

/* Begin PBXVariantGroup section */
		F0DFEDEA2501DB9C00814325 /* Main.storyboard */ = {
			isa = PBXVariantGroup;
			children = (
				F0DFEDEB2501DB9C00814325 /* Base */,
			);
			name = Main.storyboard;
			sourceTree = "<group>";
		};
		F0DFEDEF2501DB9E00814325 /* LaunchScreen.storyboard */ = {
			isa = PBXVariantGroup;
			children = (
				F0DFEDF02501DB9E00814325 /* Base */,
			);
			name = LaunchScreen.storyboard;
			sourceTree = "<group>";
		};
/* End PBXVariantGroup section */

/* Begin XCBuildConfiguration section */
		F0DFEE092501DB9E00814325 /* Debug */ = {
			isa = XCBuildConfiguration;
			buildSettings = {
				ALWAYS_SEARCH_USER_PATHS = NO;
				CLANG_ANALYZER_NONNULL = YES;
				CLANG_ANALYZER_NUMBER_OBJECT_CONVERSION = YES_AGGRESSIVE;
				CLANG_CXX_LANGUAGE_STANDARD = "gnu++14";
				CLANG_CXX_LIBRARY = "libc++";
				CLANG_ENABLE_MODULES = YES;
				CLANG_ENABLE_OBJC_ARC = YES;
				CLANG_ENABLE_OBJC_WEAK = YES;
				CLANG_WARN_BLOCK_CAPTURE_AUTORELEASING = YES;
				CLANG_WARN_BOOL_CONVERSION = YES;
				CLANG_WARN_COMMA = YES;
				CLANG_WARN_CONSTANT_CONVERSION = YES;
				CLANG_WARN_DEPRECATED_OBJC_IMPLEMENTATIONS = YES;
				CLANG_WARN_DIRECT_OBJC_ISA_USAGE = YES_ERROR;
				CLANG_WARN_DOCUMENTATION_COMMENTS = YES;
				CLANG_WARN_EMPTY_BODY = YES;
				CLANG_WARN_ENUM_CONVERSION = YES;
				CLANG_WARN_INFINITE_RECURSION = YES;
				CLANG_WARN_INT_CONVERSION = YES;
				CLANG_WARN_NON_LITERAL_NULL_CONVERSION = YES;
				CLANG_WARN_OBJC_IMPLICIT_RETAIN_SELF = YES;
				CLANG_WARN_OBJC_LITERAL_CONVERSION = YES;
				CLANG_WARN_OBJC_ROOT_CLASS = YES_ERROR;
				CLANG_WARN_RANGE_LOOP_ANALYSIS = YES;
				CLANG_WARN_STRICT_PROTOTYPES = YES;
				CLANG_WARN_SUSPICIOUS_MOVE = YES;
				CLANG_WARN_UNGUARDED_AVAILABILITY = YES_AGGRESSIVE;
				CLANG_WARN_UNREACHABLE_CODE = YES;
				CLANG_WARN__DUPLICATE_METHOD_MATCH = YES;
				COPY_PHASE_STRIP = NO;
				DEBUG_INFORMATION_FORMAT = dwarf;
				ENABLE_STRICT_OBJC_MSGSEND = YES;
				ENABLE_TESTABILITY = YES;
				GCC_C_LANGUAGE_STANDARD = gnu11;
				GCC_DYNAMIC_NO_PIC = NO;
				GCC_NO_COMMON_BLOCKS = YES;
				GCC_OPTIMIZATION_LEVEL = 0;
				GCC_PREPROCESSOR_DEFINITIONS = (
					"DEBUG=1",
					"$(inherited)",
				);
				GCC_WARN_64_TO_32_BIT_CONVERSION = YES;
				GCC_WARN_ABOUT_RETURN_TYPE = YES_ERROR;
				GCC_WARN_UNDECLARED_SELECTOR = YES;
				GCC_WARN_UNINITIALIZED_AUTOS = YES_AGGRESSIVE;
				GCC_WARN_UNUSED_FUNCTION = YES;
				GCC_WARN_UNUSED_VARIABLE = YES;
				IPHONEOS_DEPLOYMENT_TARGET = 13.7;
				MTL_ENABLE_DEBUG_INFO = INCLUDE_SOURCE;
				MTL_FAST_MATH = YES;
				ONLY_ACTIVE_ARCH = YES;
				SDKROOT = iphoneos;
				SWIFT_ACTIVE_COMPILATION_CONDITIONS = DEBUG;
				SWIFT_OPTIMIZATION_LEVEL = "-Onone";
			};
			name = Debug;
		};
		F0DFEE0A2501DB9E00814325 /* Release */ = {
			isa = XCBuildConfiguration;
			buildSettings = {
				ALWAYS_SEARCH_USER_PATHS = NO;
				CLANG_ANALYZER_NONNULL = YES;
				CLANG_ANALYZER_NUMBER_OBJECT_CONVERSION = YES_AGGRESSIVE;
				CLANG_CXX_LANGUAGE_STANDARD = "gnu++14";
				CLANG_CXX_LIBRARY = "libc++";
				CLANG_ENABLE_MODULES = YES;
				CLANG_ENABLE_OBJC_ARC = YES;
				CLANG_ENABLE_OBJC_WEAK = YES;
				CLANG_WARN_BLOCK_CAPTURE_AUTORELEASING = YES;
				CLANG_WARN_BOOL_CONVERSION = YES;
				CLANG_WARN_COMMA = YES;
				CLANG_WARN_CONSTANT_CONVERSION = YES;
				CLANG_WARN_DEPRECATED_OBJC_IMPLEMENTATIONS = YES;
				CLANG_WARN_DIRECT_OBJC_ISA_USAGE = YES_ERROR;
				CLANG_WARN_DOCUMENTATION_COMMENTS = YES;
				CLANG_WARN_EMPTY_BODY = YES;
				CLANG_WARN_ENUM_CONVERSION = YES;
				CLANG_WARN_INFINITE_RECURSION = YES;
				CLANG_WARN_INT_CONVERSION = YES;
				CLANG_WARN_NON_LITERAL_NULL_CONVERSION = YES;
				CLANG_WARN_OBJC_IMPLICIT_RETAIN_SELF = YES;
				CLANG_WARN_OBJC_LITERAL_CONVERSION = YES;
				CLANG_WARN_OBJC_ROOT_CLASS = YES_ERROR;
				CLANG_WARN_RANGE_LOOP_ANALYSIS = YES;
				CLANG_WARN_STRICT_PROTOTYPES = YES;
				CLANG_WARN_SUSPICIOUS_MOVE = YES;
				CLANG_WARN_UNGUARDED_AVAILABILITY = YES_AGGRESSIVE;
				CLANG_WARN_UNREACHABLE_CODE = YES;
				CLANG_WARN__DUPLICATE_METHOD_MATCH = YES;
				COPY_PHASE_STRIP = NO;
				DEBUG_INFORMATION_FORMAT = "dwarf-with-dsym";
				ENABLE_NS_ASSERTIONS = NO;
				ENABLE_STRICT_OBJC_MSGSEND = YES;
				GCC_C_LANGUAGE_STANDARD = gnu11;
				GCC_NO_COMMON_BLOCKS = YES;
				GCC_WARN_64_TO_32_BIT_CONVERSION = YES;
				GCC_WARN_ABOUT_RETURN_TYPE = YES_ERROR;
				GCC_WARN_UNDECLARED_SELECTOR = YES;
				GCC_WARN_UNINITIALIZED_AUTOS = YES_AGGRESSIVE;
				GCC_WARN_UNUSED_FUNCTION = YES;
				GCC_WARN_UNUSED_VARIABLE = YES;
				IPHONEOS_DEPLOYMENT_TARGET = 13.7;
				MTL_ENABLE_DEBUG_INFO = NO;
				MTL_FAST_MATH = YES;
				SDKROOT = iphoneos;
				SWIFT_COMPILATION_MODE = wholemodule;
				SWIFT_OPTIMIZATION_LEVEL = "-O";
				VALIDATE_PRODUCT = YES;
			};
			name = Release;
		};
		F0DFEE0C2501DB9E00814325 /* Debug */ = {
			isa = XCBuildConfiguration;
			buildSettings = {
				ASSETCATALOG_COMPILER_APPICON_NAME = AppIcon;
				CODE_SIGN_STYLE = Automatic;
				INFOPLIST_FILE = Flix/Info.plist;
				LD_RUNPATH_SEARCH_PATHS = (
					"$(inherited)",
					"@executable_path/Frameworks",
				);
				PRODUCT_BUNDLE_IDENTIFIER = Codepath.Flix;
				PRODUCT_NAME = "$(TARGET_NAME)";
				SWIFT_VERSION = 5.0;
				TARGETED_DEVICE_FAMILY = "1,2";
			};
			name = Debug;
		};
		F0DFEE0D2501DB9E00814325 /* Release */ = {
			isa = XCBuildConfiguration;
			buildSettings = {
				ASSETCATALOG_COMPILER_APPICON_NAME = AppIcon;
				CODE_SIGN_STYLE = Automatic;
				INFOPLIST_FILE = Flix/Info.plist;
				LD_RUNPATH_SEARCH_PATHS = (
					"$(inherited)",
					"@executable_path/Frameworks",
				);
				PRODUCT_BUNDLE_IDENTIFIER = Codepath.Flix;
				PRODUCT_NAME = "$(TARGET_NAME)";
				SWIFT_VERSION = 5.0;
				TARGETED_DEVICE_FAMILY = "1,2";
			};
			name = Release;
		};
		F0DFEE0F2501DB9E00814325 /* Debug */ = {
			isa = XCBuildConfiguration;
			buildSettings = {
				ALWAYS_EMBED_SWIFT_STANDARD_LIBRARIES = YES;
				BUNDLE_LOADER = "$(TEST_HOST)";
				CODE_SIGN_STYLE = Automatic;
				INFOPLIST_FILE = FlixTests/Info.plist;
				IPHONEOS_DEPLOYMENT_TARGET = 13.7;
				LD_RUNPATH_SEARCH_PATHS = (
					"$(inherited)",
					"@executable_path/Frameworks",
					"@loader_path/Frameworks",
				);
				PRODUCT_BUNDLE_IDENTIFIER = Codepath.FlixTests;
				PRODUCT_NAME = "$(TARGET_NAME)";
				SWIFT_VERSION = 5.0;
				TARGETED_DEVICE_FAMILY = "1,2";
				TEST_HOST = "$(BUILT_PRODUCTS_DIR)/Flix.app/Flix";
			};
			name = Debug;
		};
		F0DFEE102501DB9E00814325 /* Release */ = {
			isa = XCBuildConfiguration;
			buildSettings = {
				ALWAYS_EMBED_SWIFT_STANDARD_LIBRARIES = YES;
				BUNDLE_LOADER = "$(TEST_HOST)";
				CODE_SIGN_STYLE = Automatic;
				INFOPLIST_FILE = FlixTests/Info.plist;
				IPHONEOS_DEPLOYMENT_TARGET = 13.7;
				LD_RUNPATH_SEARCH_PATHS = (
					"$(inherited)",
					"@executable_path/Frameworks",
					"@loader_path/Frameworks",
				);
				PRODUCT_BUNDLE_IDENTIFIER = Codepath.FlixTests;
				PRODUCT_NAME = "$(TARGET_NAME)";
				SWIFT_VERSION = 5.0;
				TARGETED_DEVICE_FAMILY = "1,2";
				TEST_HOST = "$(BUILT_PRODUCTS_DIR)/Flix.app/Flix";
			};
			name = Release;
		};
		F0DFEE122501DB9E00814325 /* Debug */ = {
			isa = XCBuildConfiguration;
			buildSettings = {
				ALWAYS_EMBED_SWIFT_STANDARD_LIBRARIES = YES;
				CODE_SIGN_STYLE = Automatic;
				INFOPLIST_FILE = FlixUITests/Info.plist;
				LD_RUNPATH_SEARCH_PATHS = (
					"$(inherited)",
					"@executable_path/Frameworks",
					"@loader_path/Frameworks",
				);
				PRODUCT_BUNDLE_IDENTIFIER = Codepath.FlixUITests;
				PRODUCT_NAME = "$(TARGET_NAME)";
				SWIFT_VERSION = 5.0;
				TARGETED_DEVICE_FAMILY = "1,2";
				TEST_TARGET_NAME = Flix;
			};
			name = Debug;
		};
		F0DFEE132501DB9E00814325 /* Release */ = {
			isa = XCBuildConfiguration;
			buildSettings = {
				ALWAYS_EMBED_SWIFT_STANDARD_LIBRARIES = YES;
				CODE_SIGN_STYLE = Automatic;
				INFOPLIST_FILE = FlixUITests/Info.plist;
				LD_RUNPATH_SEARCH_PATHS = (
					"$(inherited)",
					"@executable_path/Frameworks",
					"@loader_path/Frameworks",
				);
				PRODUCT_BUNDLE_IDENTIFIER = Codepath.FlixUITests;
				PRODUCT_NAME = "$(TARGET_NAME)";
				SWIFT_VERSION = 5.0;
				TARGETED_DEVICE_FAMILY = "1,2";
				TEST_TARGET_NAME = Flix;
			};
			name = Release;
		};
/* End XCBuildConfiguration section */

/* Begin XCConfigurationList section */
		F0DFEDDC2501DB9C00814325 /* Build configuration list for PBXProject "Flix" */ = {
			isa = XCConfigurationList;
			buildConfigurations = (
				F0DFEE092501DB9E00814325 /* Debug */,
				F0DFEE0A2501DB9E00814325 /* Release */,
			);
			defaultConfigurationIsVisible = 0;
			defaultConfigurationName = Release;
		};
		F0DFEE0B2501DB9E00814325 /* Build configuration list for PBXNativeTarget "Flix" */ = {
			isa = XCConfigurationList;
			buildConfigurations = (
				F0DFEE0C2501DB9E00814325 /* Debug */,
				F0DFEE0D2501DB9E00814325 /* Release */,
			);
			defaultConfigurationIsVisible = 0;
			defaultConfigurationName = Release;
		};
		F0DFEE0E2501DB9E00814325 /* Build configuration list for PBXNativeTarget "FlixTests" */ = {
			isa = XCConfigurationList;
			buildConfigurations = (
				F0DFEE0F2501DB9E00814325 /* Debug */,
				F0DFEE102501DB9E00814325 /* Release */,
			);
			defaultConfigurationIsVisible = 0;
			defaultConfigurationName = Release;
		};
		F0DFEE112501DB9E00814325 /* Build configuration list for PBXNativeTarget "FlixUITests" */ = {
			isa = XCConfigurationList;
			buildConfigurations = (
				F0DFEE122501DB9E00814325 /* Debug */,
				F0DFEE132501DB9E00814325 /* Release */,
			);
			defaultConfigurationIsVisible = 0;
			defaultConfigurationName = Release;
		};
/* End XCConfigurationList section */
	};
	rootObject = F0DFEDD92501DB9C00814325 /* Project object */;
}
